// !$*UTF8*$!
{
	archiveVersion = 1;
	classes = {
	};
	objectVersion = 46;
	objects = {

/* Begin PBXBuildFile section */
		846EEA8B1DA53FD200316A99 /* AppDelegate.swift in Sources */ = {isa = PBXBuildFile; fileRef = 846EEA8A1DA53FD200316A99 /* AppDelegate.swift */; };
		846EEA8D1DA53FD200316A99 /* ViewController.swift in Sources */ = {isa = PBXBuildFile; fileRef = 846EEA8C1DA53FD200316A99 /* ViewController.swift */; };
		846EEA901DA53FD200316A99 /* Main.storyboard in Resources */ = {isa = PBXBuildFile; fileRef = 846EEA8E1DA53FD200316A99 /* Main.storyboard */; };
		846EEA921DA53FD300316A99 /* Assets.xcassets in Resources */ = {isa = PBXBuildFile; fileRef = 846EEA911DA53FD200316A99 /* Assets.xcassets */; };
		846EEA951DA53FD300316A99 /* LaunchScreen.storyboard in Resources */ = {isa = PBXBuildFile; fileRef = 846EEA931DA53FD300316A99 /* LaunchScreen.storyboard */; };
		84CD1D861DA5428A00C116FF /* Blood.png in Resources */ = {isa = PBXBuildFile; fileRef = 84CD1D831DA5428A00C116FF /* Blood.png */; };
		84CD1D871DA5428A00C116FF /* Moon.png in Resources */ = {isa = PBXBuildFile; fileRef = 84CD1D841DA5428A00C116FF /* Moon.png */; };
		84CD1D881DA5428A00C116FF /* Sun.png in Resources */ = {isa = PBXBuildFile; fileRef = 84CD1D851DA5428A00C116FF /* Sun.png */; };
/* End PBXBuildFile section */

/* Begin PBXFileReference section */
		846EEA871DA53FD200316A99 /* Weather5.10.app */ = {isa = PBXFileReference; explicitFileType = wrapper.application; includeInIndex = 0; path = Weather5.10.app; sourceTree = BUILT_PRODUCTS_DIR; };
		846EEA8A1DA53FD200316A99 /* AppDelegate.swift */ = {isa = PBXFileReference; lastKnownFileType = sourcecode.swift; path = AppDelegate.swift; sourceTree = "<group>"; };
		846EEA8C1DA53FD200316A99 /* ViewController.swift */ = {isa = PBXFileReference; lastKnownFileType = sourcecode.swift; path = ViewController.swift; sourceTree = "<group>"; };
		846EEA8F1DA53FD200316A99 /* Base */ = {isa = PBXFileReference; lastKnownFileType = file.storyboard; name = Base; path = Base.lproj/Main.storyboard; sourceTree = "<group>"; };
		846EEA911DA53FD200316A99 /* Assets.xcassets */ = {isa = PBXFileReference; lastKnownFileType = folder.assetcatalog; path = Assets.xcassets; sourceTree = "<group>"; };
		846EEA941DA53FD300316A99 /* Base */ = {isa = PBXFileReference; lastKnownFileType = file.storyboard; name = Base; path = Base.lproj/LaunchScreen.storyboard; sourceTree = "<group>"; };
		846EEA961DA53FD300316A99 /* Info.plist */ = {isa = PBXFileReference; lastKnownFileType = text.plist.xml; path = Info.plist; sourceTree = "<group>"; };
		84CD1D831DA5428A00C116FF /* Blood.png */ = {isa = PBXFileReference; lastKnownFileType = image.png; path = Blood.png; sourceTree = "<group>"; };
		84CD1D841DA5428A00C116FF /* Moon.png */ = {isa = PBXFileReference; lastKnownFileType = image.png; path = Moon.png; sourceTree = "<group>"; };
		84CD1D851DA5428A00C116FF /* Sun.png */ = {isa = PBXFileReference; lastKnownFileType = image.png; path = Sun.png; sourceTree = "<group>"; };
/* End PBXFileReference section */

/* Begin PBXFrameworksBuildPhase section */
		846EEA841DA53FD200316A99 /* Frameworks */ = {
			isa = PBXFrameworksBuildPhase;
			buildActionMask = 2147483647;
			files = (
			);
			runOnlyForDeploymentPostprocessing = 0;
		};
/* End PBXFrameworksBuildPhase section */

/* Begin PBXGroup section */
		846EEA7E1DA53FD200316A99 = {
			isa = PBXGroup;
			children = (
				846EEA891DA53FD200316A99 /* Weather5.10 */,
				846EEA881DA53FD200316A99 /* Products */,
			);
			sourceTree = "<group>";
		};
		846EEA881DA53FD200316A99 /* Products */ = {
			isa = PBXGroup;
			children = (
				846EEA871DA53FD200316A99 /* Weather5.10.app */,
			);
			name = Products;
			sourceTree = "<group>";
		};
		846EEA891DA53FD200316A99 /* Weather5.10 */ = {
			isa = PBXGroup;
			children = (
				846EEA8A1DA53FD200316A99 /* AppDelegate.swift */,
				846EEA8C1DA53FD200316A99 /* ViewController.swift */,
				846EEA8E1DA53FD200316A99 /* Main.storyboard */,
				84CD1D821DA5428A00C116FF /* Background Images */,
				846EEA911DA53FD200316A99 /* Assets.xcassets */,
				846EEA931DA53FD300316A99 /* LaunchScreen.storyboard */,
				846EEA961DA53FD300316A99 /* Info.plist */,
			);
			path = Weather5.10;
			sourceTree = "<group>";
		};
		84CD1D821DA5428A00C116FF /* Background Images */ = {
			isa = PBXGroup;
			children = (
				84CD1D831DA5428A00C116FF /* Blood.png */,
				84CD1D841DA5428A00C116FF /* Moon.png */,
				84CD1D851DA5428A00C116FF /* Sun.png */,
			);
			path = "Background Images";
			sourceTree = "<group>";
		};
/* End PBXGroup section */

/* Begin PBXNativeTarget section */
		846EEA861DA53FD200316A99 /* Weather5.10 */ = {
			isa = PBXNativeTarget;
			buildConfigurationList = 846EEA991DA53FD300316A99 /* Build configuration list for PBXNativeTarget "Weather5.10" */;
			buildPhases = (
				846EEA831DA53FD200316A99 /* Sources */,
				846EEA841DA53FD200316A99 /* Frameworks */,
				846EEA851DA53FD200316A99 /* Resources */,
			);
			buildRules = (
			);
			dependencies = (
			);
			name = Weather5.10;
			productName = Weather5.10;
			productReference = 846EEA871DA53FD200316A99 /* Weather5.10.app */;
			productType = "com.apple.product-type.application";
		};
/* End PBXNativeTarget section */

/* Begin PBXProject section */
		846EEA7F1DA53FD200316A99 /* Project object */ = {
			isa = PBXProject;
			attributes = {
				LastSwiftUpdateCheck = 0730;
				LastUpgradeCheck = 0730;
				ORGANIZATIONNAME = tien;
				TargetAttributes = {
					846EEA861DA53FD200316A99 = {
						CreatedOnToolsVersion = 7.3.1;
					};
				};
			};
			buildConfigurationList = 846EEA821DA53FD200316A99 /* Build configuration list for PBXProject "Weather5.10" */;
			compatibilityVersion = "Xcode 3.2";
			developmentRegion = English;
			hasScannedForEncodings = 0;
			knownRegions = (
				en,
				Base,
			);
			mainGroup = 846EEA7E1DA53FD200316A99;
			productRefGroup = 846EEA881DA53FD200316A99 /* Products */;
			projectDirPath = "";
			projectRoot = "";
			targets = (
				846EEA861DA53FD200316A99 /* Weather5.10 */,
			);
		};
/* End PBXProject section */

/* Begin PBXResourcesBuildPhase section */
		846EEA851DA53FD200316A99 /* Resources */ = {
			isa = PBXResourcesBuildPhase;
			buildActionMask = 2147483647;
			files = (
				84CD1D881DA5428A00C116FF /* Sun.png in Resources */,
				84CD1D861DA5428A00C116FF /* Blood.png in Resources */,
				846EEA951DA53FD300316A99 /* LaunchScreen.storyboard in Resources */,
				84CD1D871DA5428A00C116FF /* Moon.png in Resources */,
				846EEA921DA53FD300316A99 /* Assets.xcassets in Resources */,
				846EEA901DA53FD200316A99 /* Main.storyboard in Resources */,
			);
			runOnlyForDeploymentPostprocessing = 0;
		};
/* End PBXResourcesBuildPhase section */

/* Begin PBXSourcesBuildPhase section */
		846EEA831DA53FD200316A99 /* Sources */ = {
			isa = PBXSourcesBuildPhase;
			buildActionMask = 2147483647;
			files = (
				846EEA8D1DA53FD200316A99 /* ViewController.swift in Sources */,
				846EEA8B1DA53FD200316A99 /* AppDelegate.swift in Sources */,
			);
			runOnlyForDeploymentPostprocessing = 0;
		};
/* End PBXSourcesBuildPhase section */

/* Begin PBXVariantGroup section */
		846EEA8E1DA53FD200316A99 /* Main.storyboard */ = {
			isa = PBXVariantGroup;
			children = (
				846EEA8F1DA53FD200316A99 /* Base */,
			);
			name = Main.storyboard;
			sourceTree = "<group>";
		};
		846EEA931DA53FD300316A99 /* LaunchScreen.storyboard */ = {
			isa = PBXVariantGroup;
			children = (
				846EEA941DA53FD300316A99 /* Base */,
			);
			name = LaunchScreen.storyboard;
			sourceTree = "<group>";
		};
/* End PBXVariantGroup section */

/* Begin XCBuildConfiguration section */
		846EEA971DA53FD300316A99 /* Debug */ = {
			isa = XCBuildConfiguration;
			buildSettings = {
				ALWAYS_SEARCH_USER_PATHS = NO;
				CLANG_ANALYZER_NONNULL = YES;
				CLANG_CXX_LANGUAGE_STANDARD = "gnu++0x";
				CLANG_CXX_LIBRARY = "libc++";
				CLANG_ENABLE_MODULES = YES;
				CLANG_ENABLE_OBJC_ARC = YES;
				CLANG_WARN_BOOL_CONVERSION = YES;
				CLANG_WARN_CONSTANT_CONVERSION = YES;
				CLANG_WARN_DIRECT_OBJC_ISA_USAGE = YES_ERROR;
				CLANG_WARN_EMPTY_BODY = YES;
				CLANG_WARN_ENUM_CONVERSION = YES;
				CLANG_WARN_INT_CONVERSION = YES;
				CLANG_WARN_OBJC_ROOT_CLASS = YES_ERROR;
				CLANG_WARN_UNREACHABLE_CODE = YES;
				CLANG_WARN__DUPLICATE_METHOD_MATCH = YES;
				"CODE_SIGN_IDENTITY[sdk=iphoneos*]" = "iPhone Developer";
				COPY_PHASE_STRIP = NO;
				DEBUG_INFORMATION_FORMAT = dwarf;
				ENABLE_STRICT_OBJC_MSGSEND = YES;
				ENABLE_TESTABILITY = YES;
				GCC_C_LANGUAGE_STANDARD = gnu99;
				GCC_DYNAMIC_NO_PIC = NO;
				GCC_NO_COMMON_BLOCKS = YES;
				GCC_OPTIMIZATION_LEVEL = 0;
				GCC_PREPROCESSOR_DEFINITIONS = (
					"DEBUG=1",
					"$(inherited)",
				);
				GCC_WARN_64_TO_32_BIT_CONVERSION = YES;
				GCC_WARN_ABOUT_RETURN_TYPE = YES_ERROR;
				GCC_WARN_UNDECLARED_SELECTOR = YES;
				GCC_WARN_UNINITIALIZED_AUTOS = YES_AGGRESSIVE;
				GCC_WARN_UNUSED_FUNCTION = YES;
				GCC_WARN_UNUSED_VARIABLE = YES;
				IPHONEOS_DEPLOYMENT_TARGET = 9.3;
				MTL_ENABLE_DEBUG_INFO = YES;
				ONLY_ACTIVE_ARCH = YES;
				SDKROOT = iphoneos;
				SWIFT_OPTIMIZATION_LEVEL = "-Onone";
			};
			name = Debug;
		};
		846EEA981DA53FD300316A99 /* Release */ = {
			isa = XCBuildConfiguration;
			buildSettings = {
				ALWAYS_SEARCH_USER_PATHS = NO;
				CLANG_ANALYZER_NONNULL = YES;
				CLANG_CXX_LANGUAGE_STANDARD = "gnu++0x";
				CLANG_CXX_LIBRARY = "libc++";
				CLANG_ENABLE_MODULES = YES;
				CLANG_ENABLE_OBJC_ARC = YES;
				CLANG_WARN_BOOL_CONVERSION = YES;
				CLANG_WARN_CONSTANT_CONVERSION = YES;
				CLANG_WARN_DIRECT_OBJC_ISA_USAGE = YES_ERROR;
				CLANG_WARN_EMPTY_BODY = YES;
				CLANG_WARN_ENUM_CONVERSION = YES;
				CLANG_WARN_INT_CONVERSION = YES;
				CLANG_WARN_OBJC_ROOT_CLASS = YES_ERROR;
				CLANG_WARN_UNREACHABLE_CODE = YES;
				CLANG_WARN__DUPLICATE_METHOD_MATCH = YES;
				"CODE_SIGN_IDENTITY[sdk=iphoneos*]" = "iPhone Developer";
				COPY_PHASE_STRIP = NO;
				DEBUG_INFORMATION_FORMAT = "dwarf-with-dsym";
				ENABLE_NS_ASSERTIONS = NO;
				ENABLE_STRICT_OBJC_MSGSEND = YES;
				GCC_C_LANGUAGE_STANDARD = gnu99;
				GCC_NO_COMMON_BLOCKS = YES;
				GCC_WARN_64_TO_32_BIT_CONVERSION = YES;
				GCC_WARN_ABOUT_RETURN_TYPE = YES_ERROR;
				GCC_WARN_UNDECLARED_SELECTOR = YES;
				GCC_WARN_UNINITIALIZED_AUTOS = YES_AGGRESSIVE;
				GCC_WARN_UNUSED_FUNCTION = YES;
				GCC_WARN_UNUSED_VARIABLE = YES;
				IPHONEOS_DEPLOYMENT_TARGET = 9.3;
				MTL_ENABLE_DEBUG_INFO = NO;
				SDKROOT = iphoneos;
				VALIDATE_PRODUCT = YES;
			};
			name = Release;
		};
		846EEA9A1DA53FD300316A99 /* Debug */ = {
			isa = XCBuildConfiguration;
			buildSettings = {
				ASSETCATALOG_COMPILER_APPICON_NAME = AppIcon;
				INFOPLIST_FILE = Weather5.10/Info.plist;
				LD_RUNPATH_SEARCH_PATHS = "$(inherited) @executable_path/Frameworks";
				PRODUCT_BUNDLE_IDENTIFIER = "tien.Weather5-10";
				PRODUCT_NAME = "$(TARGET_NAME)";
			};
			name = Debug;
		};
		846EEA9B1DA53FD300316A99 /* Release */ = {
			isa = XCBuildConfiguration;
			buildSettings = {
				ASSETCATALOG_COMPILER_APPICON_NAME = AppIcon;
				INFOPLIST_FILE = Weather5.10/Info.plist;
				LD_RUNPATH_SEARCH_PATHS = "$(inherited) @executable_path/Frameworks";
				PRODUCT_BUNDLE_IDENTIFIER = "tien.Weather5-10";
				PRODUCT_NAME = "$(TARGET_NAME)";
			};
			name = Release;
		};
/* End XCBuildConfiguration section */

/* Begin XCConfigurationList section */
		846EEA821DA53FD200316A99 /* Build configuration list for PBXProject "Weather5.10" */ = {
			isa = XCConfigurationList;
			buildConfigurations = (
				846EEA971DA53FD300316A99 /* Debug */,
				846EEA981DA53FD300316A99 /* Release */,
			);
			defaultConfigurationIsVisible = 0;
			defaultConfigurationName = Release;
		};
		846EEA991DA53FD300316A99 /* Build configuration list for PBXNativeTarget "Weather5.10" */ = {
			isa = XCConfigurationList;
			buildConfigurations = (
				846EEA9A1DA53FD300316A99 /* Debug */,
				846EEA9B1DA53FD300316A99 /* Release */,
			);
			defaultConfigurationIsVisible = 0;
			defaultConfigurationName = Release;
		};
/* End XCConfigurationList section */
	};
	rootObject = 846EEA7F1DA53FD200316A99 /* Project object */;
}
